
Microsoft Visual Studio Solution File, Format Version 12.00
# Visual Studio Version 17
VisualStudioVersion = 17.4.33213.308
MinimumVisualStudioVersion = 10.0.40219.1
Project("{FAE04EC0-301F-11D3-BF4B-00C04F79EFBC}") = "MyExamProject", "MyExamProject\MyExamProject.csproj", "{2AAE9E48-6854-434F-8EA3-9511706B5169}"
EndProject
Global
	GlobalSection(SolutionConfigurationPlatforms) = preSolution
		Debug|Any CPU = Debug|Any CPU
		Release|Any CPU = Release|Any CPU
	EndGlobalSection
	GlobalSection(ProjectConfigurationPlatforms) = postSolution
		{2AAE9E48-6854-434F-8EA3-9511706B5169}.Debug|Any CPU.ActiveCfg = Debug|Any CPU
		{2AAE9E48-6854-434F-8EA3-9511706B5169}.Debug|Any CPU.Build.0 = Debug|Any CPU
		{2AAE9E48-6854-434F-8EA3-9511706B5169}.Release|Any CPU.ActiveCfg = Release|Any CPU
		{2AAE9E48-6854-434F-8EA3-9511706B5169}.Release|Any CPU.Build.0 = Release|Any CPU
	EndGlobalSection
	GlobalSection(SolutionProperties) = preSolution
		HideSolutionNode = FALSE
	EndGlobalSection
	GlobalSection(ExtensibilityGlobals) = postSolution
		SolutionGuid = {82DC248D-A2DD-41D9-AA81-31096F2A1948}
	EndGlobalSection
EndGlobal
